
Microsoft Visual Studio Solution File, Format Version 11.00
# Visual Studio 2010
Project("{FAE04EC0-301F-11D3-BF4B-00C04F79EFBC}") = "MLPproject", "MLPproject\MLPproject\MLPproject.csproj", "{D298622A-C129-44F4-B0E8-1F6AD2293B9E}"
EndProject
Project("{96E2B04D-8817-42C6-938A-82C39BA4D311}") = "MLPprojectContent", "MLPproject\MLPprojectContent\MLPprojectContent.contentproj", "{45D61213-7298-48F5-B385-7EAF90FFF550}"
EndProject
Global
	GlobalSection(SolutionConfigurationPlatforms) = preSolution
		Debug|x86 = Debug|x86
		Release|x86 = Release|x86
	EndGlobalSection
	GlobalSection(ProjectConfigurationPlatforms) = postSolution
		{D298622A-C129-44F4-B0E8-1F6AD2293B9E}.Debug|x86.ActiveCfg = Debug|x86
		{D298622A-C129-44F4-B0E8-1F6AD2293B9E}.Debug|x86.Build.0 = Debug|x86
		{D298622A-C129-44F4-B0E8-1F6AD2293B9E}.Release|x86.ActiveCfg = Release|x86
		{D298622A-C129-44F4-B0E8-1F6AD2293B9E}.Release|x86.Build.0 = Release|x86
		{45D61213-7298-48F5-B385-7EAF90FFF550}.Debug|x86.ActiveCfg = Debug|x86
		{45D61213-7298-48F5-B385-7EAF90FFF550}.Release|x86.ActiveCfg = Release|x86
	EndGlobalSection
	GlobalSection(SolutionProperties) = preSolution
		HideSolutionNode = FALSE
	EndGlobalSection
EndGlobal
